
Microsoft Visual Studio Solution File, Format Version 12.00
# Visual Studio Version 17
VisualStudioVersion = 17.2.32616.157
MinimumVisualStudioVersion = 10.0.40219.1
Project("{FAE04EC0-301F-11D3-BF4B-00C04F79EFBC}") = "PetStrore", "PetStrore\PetStrore.csproj", "{98888C5A-9599-4CD1-8552-631519FBA3EF}"
EndProject
Global
	GlobalSection(SolutionConfigurationPlatforms) = preSolution
		Debug|Any CPU = Debug|Any CPU
		Release|Any CPU = Release|Any CPU
	EndGlobalSection
	GlobalSection(ProjectConfigurationPlatforms) = postSolution
		{98888C5A-9599-4CD1-8552-631519FBA3EF}.Debug|Any CPU.ActiveCfg = Debug|Any CPU
		{98888C5A-9599-4CD1-8552-631519FBA3EF}.Debug|Any CPU.Build.0 = Debug|Any CPU
		{98888C5A-9599-4CD1-8552-631519FBA3EF}.Release|Any CPU.ActiveCfg = Release|Any CPU
		{98888C5A-9599-4CD1-8552-631519FBA3EF}.Release|Any CPU.Build.0 = Release|Any CPU
	EndGlobalSection
	GlobalSection(SolutionProperties) = preSolution
		HideSolutionNode = FALSE
	EndGlobalSection
	GlobalSection(ExtensibilityGlobals) = postSolution
		SolutionGuid = {324B5F7E-B1D3-47A6-8B5B-F7ED488CCFFE}
	EndGlobalSection
EndGlobal
